
Microsoft Visual Studio Solution File, Format Version 12.00
# Visual Studio Version 16
VisualStudioVersion = 16.0.29709.97
MinimumVisualStudioVersion = 10.0.40219.1
Project("{FAE04EC0-301F-11D3-BF4B-00C04F79EFBC}") = "K_Forms2", "K_Forms2\K_Forms2.csproj", "{C826CDF0-41B7-47CB-A87A-9D7A6A506112}"
EndProject
Project("{FAE04EC0-301F-11D3-BF4B-00C04F79EFBC}") = "K_Forms2UnitTest", "K_Forms2UnitTest\K_Forms2UnitTest.csproj", "{D4769F58-2E5F-4112-BD1F-6ED3071C02DB}"
EndProject
Global
	GlobalSection(SolutionConfigurationPlatforms) = preSolution
		Debug|Any CPU = Debug|Any CPU
		Release|Any CPU = Release|Any CPU
	EndGlobalSection
	GlobalSection(ProjectConfigurationPlatforms) = postSolution
		{C826CDF0-41B7-47CB-A87A-9D7A6A506112}.Debug|Any CPU.ActiveCfg = Debug|Any CPU
		{C826CDF0-41B7-47CB-A87A-9D7A6A506112}.Debug|Any CPU.Build.0 = Debug|Any CPU
		{C826CDF0-41B7-47CB-A87A-9D7A6A506112}.Release|Any CPU.ActiveCfg = Release|Any CPU
		{C826CDF0-41B7-47CB-A87A-9D7A6A506112}.Release|Any CPU.Build.0 = Release|Any CPU
		{D4769F58-2E5F-4112-BD1F-6ED3071C02DB}.Debug|Any CPU.ActiveCfg = Debug|Any CPU
		{D4769F58-2E5F-4112-BD1F-6ED3071C02DB}.Debug|Any CPU.Build.0 = Debug|Any CPU
		{D4769F58-2E5F-4112-BD1F-6ED3071C02DB}.Release|Any CPU.ActiveCfg = Release|Any CPU
		{D4769F58-2E5F-4112-BD1F-6ED3071C02DB}.Release|Any CPU.Build.0 = Release|Any CPU
	EndGlobalSection
	GlobalSection(SolutionProperties) = preSolution
		HideSolutionNode = FALSE
	EndGlobalSection
	GlobalSection(ExtensibilityGlobals) = postSolution
		SolutionGuid = {7356BB03-799D-4D48-9DB4-057078C22366}
	EndGlobalSection
EndGlobal
